
Microsoft Visual Studio Solution File, Format Version 12.00
# Visual Studio Version 16
VisualStudioVersion = 16.0.30907.101
MinimumVisualStudioVersion = 10.0.40219.1
Project("{A64D7F38-C890-4142-B79C-9A8B6C623490}") = "RaspWrapCredentialProvider", "RaspWrapCredentialProvider.vcxproj", "{116BD09F-7A88-49F7-A1A0-43693C86BAFC}"
EndProject
Global
	GlobalSection(SolutionConfigurationPlatforms) = preSolution
		Debug|Win32 = Debug|Win32
		Debug|x64 = Debug|x64
		Release|Win32 = Release|Win32
		Release|x64 = Release|x64
	EndGlobalSection
	GlobalSection(ProjectConfigurationPlatforms) = postSolution
		{116BD09F-7A88-49F7-A1A0-43693C86BAFC}.Debug|Win32.ActiveCfg = Debug|Win32
		{116BD09F-7A88-49F7-A1A0-43693C86BAFC}.Debug|Win32.Build.0 = Debug|Win32
		{116BD09F-7A88-49F7-A1A0-43693C86BAFC}.Debug|x64.ActiveCfg = Debug|x64
		{116BD09F-7A88-49F7-A1A0-43693C86BAFC}.Debug|x64.Build.0 = Debug|x64
		{116BD09F-7A88-49F7-A1A0-43693C86BAFC}.Release|Win32.ActiveCfg = Release|Win32
		{116BD09F-7A88-49F7-A1A0-43693C86BAFC}.Release|Win32.Build.0 = Release|Win32
		{116BD09F-7A88-49F7-A1A0-43693C86BAFC}.Release|x64.ActiveCfg = Release|x64
		{116BD09F-7A88-49F7-A1A0-43693C86BAFC}.Release|x64.Build.0 = Release|x64
	EndGlobalSection
	GlobalSection(SolutionProperties) = preSolution
		HideSolutionNode = FALSE
	EndGlobalSection
EndGlobal
